
Microsoft Visual Studio Solution File, Format Version 12.00
# Visual Studio Version 16
VisualStudioVersion = 16.0.32510.428
MinimumVisualStudioVersion = 10.0.40219.1
Project("{FAE04EC0-301F-11D3-BF4B-00C04F79EFBC}") = "Password Generator", "Password Generator\Password Generator.csproj", "{DA12CF99-21B8-4B95-8671-A82E586800C8}"
EndProject
Global
	GlobalSection(SolutionConfigurationPlatforms) = preSolution
		Debug|Any CPU = Debug|Any CPU
		Release|Any CPU = Release|Any CPU
	EndGlobalSection
	GlobalSection(ProjectConfigurationPlatforms) = postSolution
		{DA12CF99-21B8-4B95-8671-A82E586800C8}.Debug|Any CPU.ActiveCfg = Debug|Any CPU
		{DA12CF99-21B8-4B95-8671-A82E586800C8}.Debug|Any CPU.Build.0 = Debug|Any CPU
		{DA12CF99-21B8-4B95-8671-A82E586800C8}.Release|Any CPU.ActiveCfg = Release|Any CPU
		{DA12CF99-21B8-4B95-8671-A82E586800C8}.Release|Any CPU.Build.0 = Release|Any CPU
	EndGlobalSection
	GlobalSection(SolutionProperties) = preSolution
		HideSolutionNode = FALSE
	EndGlobalSection
	GlobalSection(ExtensibilityGlobals) = postSolution
		SolutionGuid = {24697C32-F383-4889-A716-948DCDDEE9CA}
	EndGlobalSection
EndGlobal
